
Microsoft Visual Studio Solution File, Format Version 12.00
# Visual Studio 2012
Project("{8BC9CEB8-8B4A-11D0-8D11-00A0C91BC942}") = "信息的加密与解密", "信息的加密与解密\信息的加密与解密.vcxproj", "{EF97A945-C359-498B-A8B4-5A3F721C9482}"
EndProject
Global
	GlobalSection(SolutionConfigurationPlatforms) = preSolution
		Debug|Win32 = Debug|Win32
		Release|Win32 = Release|Win32
	EndGlobalSection
	GlobalSection(ProjectConfigurationPlatforms) = postSolution
		{EF97A945-C359-498B-A8B4-5A3F721C9482}.Debug|Win32.ActiveCfg = Debug|Win32
		{EF97A945-C359-498B-A8B4-5A3F721C9482}.Debug|Win32.Build.0 = Debug|Win32
		{EF97A945-C359-498B-A8B4-5A3F721C9482}.Release|Win32.ActiveCfg = Release|Win32
		{EF97A945-C359-498B-A8B4-5A3F721C9482}.Release|Win32.Build.0 = Release|Win32
	EndGlobalSection
	GlobalSection(SolutionProperties) = preSolution
		HideSolutionNode = FALSE
	EndGlobalSection
EndGlobal
